
Microsoft Visual Studio Solution File, Format Version 12.00
# Visual Studio Version 16
VisualStudioVersion = 25.0.1700.6
MinimumVisualStudioVersion = 10.0.40219.1
Project("{FAE04EC0-301F-11D3-BF4B-00C04F79EFBC}") = "aspnetcore1", "aspnetcore1\aspnetcore1.csproj", "{FBE2FA08-165E-4062-A0F2-9F268CB109A5}"
EndProject
Global
	GlobalSection(SolutionConfigurationPlatforms) = preSolution
		Debug|Any CPU = Debug|Any CPU
		Release|Any CPU = Release|Any CPU
	EndGlobalSection
	GlobalSection(ProjectConfigurationPlatforms) = postSolution
		{FBE2FA08-165E-4062-A0F2-9F268CB109A5}.Debug|Any CPU.ActiveCfg = Debug|Any CPU
		{FBE2FA08-165E-4062-A0F2-9F268CB109A5}.Debug|Any CPU.Build.0 = Debug|Any CPU
		{FBE2FA08-165E-4062-A0F2-9F268CB109A5}.Release|Any CPU.ActiveCfg = Release|Any CPU
		{FBE2FA08-165E-4062-A0F2-9F268CB109A5}.Release|Any CPU.Build.0 = Release|Any CPU
	EndGlobalSection
	GlobalSection(SolutionProperties) = preSolution
		HideSolutionNode = FALSE
	EndGlobalSection
	GlobalSection(ExtensibilityGlobals) = postSolution
		SolutionGuid = {FB87991D-BA90-4281-84D3-FDD0FD52DB21}
	EndGlobalSection
EndGlobal
